# This file is automatically @generated by Poetry 1.8.3 and should not be changed by hand.

[[package]]
name = "bracex"
version = "2.5.post1"
description = "Bash style brace expander."
optional = false
python-versions = ">=3.8"
files = [
    {file = "bracex-2.5.post1-py3-none-any.whl", hash = "sha256:13e5732fec27828d6af308628285ad358047cec36801598368cb28bc631dbaf6"},
    {file = "bracex-2.5.post1.tar.gz", hash = "sha256:12c50952415bfa773d2d9ccb8e79651b8cdb1f31a42f6091b804f6ba2b4a66b6"},
]

[[package]]
name = "wcmatch"
version = "10.0"
description = "Wildcard/glob file name matcher."
optional = false
python-versions = ">=3.8"
files = [
    {file = "wcmatch-10.0-py3-none-any.whl", hash = "sha256:0dd927072d03c0a6527a20d2e6ad5ba8d0380e60870c383bc533b71744df7b7a"},
    {file = "wcmatch-10.0.tar.gz", hash = "sha256:e72f0de09bba6a04e0de70937b0cf06e55f36f37b3deb422dfaf854b867b840a"},
]

[package.dependencies]
bracex = ">=2.1.1"

[metadata]
lock-version = "2.0"
python-versions = "^3.9"
content-hash = "24978da428678be55449bfd7f0db198a983de817135bc253c24c02b0aeec6104"
