version = 1
revision = 2
requires-python = ">=3.9, <4"

[[package]]
name = "bracex"
version = "2.5.post1"
source = { registry = "https://pypi.org/simple" }
sdist = { url = "https://files.pythonhosted.org/packages/d6/6c/57418c4404cd22fe6275b8301ca2b46a8cdaa8157938017a9ae0b3edf363/bracex-2.5.post1.tar.gz", hash = "sha256:12c50952415bfa773d2d9ccb8e79651b8cdb1f31a42f6091b804f6ba2b4a66b6", size = 26641, upload-time = "2024-09-28T21:41:22.017Z" }
wheels = [
    { url = "https://files.pythonhosted.org/packages/4b/02/8db98cdc1a58e0abd6716d5e63244658e6e63513c65f469f34b6f1053fd0/bracex-2.5.post1-py3-none-any.whl", hash = "sha256:13e5732fec27828d6af308628285ad358047cec36801598368cb28bc631dbaf6", size = 11558, upload-time = "2024-09-28T21:41:21.016Z" },
]

[[package]]
name = "pre-commit-shrink-image"
version = "0.1.0"
source = { editable = "." }
dependencies = [
    { name = "wcmatch" },
]

[package.metadata]
requires-dist = [{ name = "wcmatch", specifier = ">=10.0,<11" }]

[[package]]
name = "wcmatch"
version = "10.0"
source = { registry = "https://pypi.org/simple" }
dependencies = [
    { name = "bracex" },
]
sdist = { url = "https://files.pythonhosted.org/packages/41/ab/b3a52228538ccb983653c446c1656eddf1d5303b9cb8b9aef6a91299f862/wcmatch-10.0.tar.gz", hash = "sha256:e72f0de09bba6a04e0de70937b0cf06e55f36f37b3deb422dfaf854b867b840a", size = 115578, upload-time = "2024-09-26T18:39:52.505Z" }
wheels = [
    { url = "https://files.pythonhosted.org/packages/ab/df/4ee467ab39cc1de4b852c212c1ed3becfec2e486a51ac1ce0091f85f38d7/wcmatch-10.0-py3-none-any.whl", hash = "sha256:0dd927072d03c0a6527a20d2e6ad5ba8d0380e60870c383bc533b71744df7b7a", size = 39347, upload-time = "2024-09-26T18:39:51.002Z" },
]
